
Microsoft Visual Studio Solution File, Format Version 12.00
# Visual Studio 15
VisualStudioVersion = 15.0.28010.2048
MinimumVisualStudioVersion = 10.0.40219.1
Project("{9A19103F-16F7-4668-BE54-9A1E7A4F7556}") = "VWOSdk.DemoApp", "VWOSdk.DemoApp.csproj", "{EEEB39B6-24FA-4CCB-AD3C-4525060277EC}"
EndProject
Global
	GlobalSection(SolutionConfigurationPlatforms) = preSolution
		Debug|Any CPU = Debug|Any CPU
		Release|Any CPU = Release|Any CPU
	EndGlobalSection
	GlobalSection(ProjectConfigurationPlatforms) = postSolution
		{EEEB39B6-24FA-4CCB-AD3C-4525060277EC}.Debug|Any CPU.ActiveCfg = Debug|Any CPU
		{EEEB39B6-24FA-4CCB-AD3C-4525060277EC}.Debug|Any CPU.Build.0 = Debug|Any CPU
		{EEEB39B6-24FA-4CCB-AD3C-4525060277EC}.Release|Any CPU.ActiveCfg = Release|Any CPU
		{EEEB39B6-24FA-4CCB-AD3C-4525060277EC}.Release|Any CPU.Build.0 = Release|Any CPU
	EndGlobalSection
	GlobalSection(SolutionProperties) = preSolution
		HideSolutionNode = FALSE
	EndGlobalSection
	GlobalSection(ExtensibilityGlobals) = postSolution
		SolutionGuid = {5F985FBC-815F-4AF7-BBB6-4D3C7D5CA0E2}
	EndGlobalSection
EndGlobal
